
Microsoft Visual Studio Solution File, Format Version 12.00
# Visual Studio Version 16
VisualStudioVersion = 16.0.29215.179
MinimumVisualStudioVersion = 10.0.40219.1
Project("{FAE04EC0-301F-11D3-BF4B-00C04F79EFBC}") = "Module1", "Module1\Module1.csproj", "{C0366AE7-E186-47D1-8FFF-CACE1C4D58EE}"
EndProject
Global
	GlobalSection(SolutionConfigurationPlatforms) = preSolution
		Debug|Any CPU = Debug|Any CPU
		Release|Any CPU = Release|Any CPU
	EndGlobalSection
	GlobalSection(ProjectConfigurationPlatforms) = postSolution
		{C0366AE7-E186-47D1-8FFF-CACE1C4D58EE}.Debug|Any CPU.ActiveCfg = Debug|Any CPU
		{C0366AE7-E186-47D1-8FFF-CACE1C4D58EE}.Debug|Any CPU.Build.0 = Debug|Any CPU
		{C0366AE7-E186-47D1-8FFF-CACE1C4D58EE}.Release|Any CPU.ActiveCfg = Release|Any CPU
		{C0366AE7-E186-47D1-8FFF-CACE1C4D58EE}.Release|Any CPU.Build.0 = Release|Any CPU
	EndGlobalSection
	GlobalSection(SolutionProperties) = preSolution
		HideSolutionNode = FALSE
	EndGlobalSection
	GlobalSection(ExtensibilityGlobals) = postSolution
		SolutionGuid = {0CFF8035-D9D1-4C96-BC83-7CF92EA3A57F}
	EndGlobalSection
EndGlobal
